
Microsoft Visual Studio Solution File, Format Version 12.00
# Visual Studio Version 16
VisualStudioVersion = 16.0.30523.141
MinimumVisualStudioVersion = 10.0.40219.1
Project("{FAE04EC0-301F-11D3-BF4B-00C04F79EFBC}") = "TestAPI.Android", "TestAPI.Android\TestAPI.Android.csproj", "{49F3EB0D-A5FB-46DE-9D41-924090ED2C27}"
EndProject
Project("{FAE04EC0-301F-11D3-BF4B-00C04F79EFBC}") = "TestAPI.iOS", "TestAPI.iOS\TestAPI.iOS.csproj", "{1AE2B787-75B9-494C-8BE6-9CA2B106BF0F}"
EndProject
Project("{FAE04EC0-301F-11D3-BF4B-00C04F79EFBC}") = "TestAPI", "TestAPI\TestAPI.csproj", "{2E03C457-6041-40F2-9E03-9C1A08A14041}"
EndProject
Global
	GlobalSection(SolutionConfigurationPlatforms) = preSolution
		Debug|Any CPU = Debug|Any CPU
		Debug|iPhone = Debug|iPhone
		Debug|iPhoneSimulator = Debug|iPhoneSimulator
		Release|Any CPU = Release|Any CPU
		Release|iPhone = Release|iPhone
		Release|iPhoneSimulator = Release|iPhoneSimulator
	EndGlobalSection
	GlobalSection(ProjectConfigurationPlatforms) = postSolution
		{49F3EB0D-A5FB-46DE-9D41-924090ED2C27}.Debug|Any CPU.ActiveCfg = Debug|Any CPU
		{49F3EB0D-A5FB-46DE-9D41-924090ED2C27}.Debug|Any CPU.Build.0 = Debug|Any CPU
		{49F3EB0D-A5FB-46DE-9D41-924090ED2C27}.Debug|Any CPU.Deploy.0 = Debug|Any CPU
		{49F3EB0D-A5FB-46DE-9D41-924090ED2C27}.Debug|iPhone.ActiveCfg = Debug|Any CPU
		{49F3EB0D-A5FB-46DE-9D41-924090ED2C27}.Debug|iPhone.Build.0 = Debug|Any CPU
		{49F3EB0D-A5FB-46DE-9D41-924090ED2C27}.Debug|iPhone.Deploy.0 = Debug|Any CPU
		{49F3EB0D-A5FB-46DE-9D41-924090ED2C27}.Debug|iPhoneSimulator.ActiveCfg = Debug|Any CPU
		{49F3EB0D-A5FB-46DE-9D41-924090ED2C27}.Debug|iPhoneSimulator.Build.0 = Debug|Any CPU
		{49F3EB0D-A5FB-46DE-9D41-924090ED2C27}.Debug|iPhoneSimulator.Deploy.0 = Debug|Any CPU
		{49F3EB0D-A5FB-46DE-9D41-924090ED2C27}.Release|Any CPU.ActiveCfg = Release|Any CPU
		{49F3EB0D-A5FB-46DE-9D41-924090ED2C27}.Release|Any CPU.Build.0 = Release|Any CPU
		{49F3EB0D-A5FB-46DE-9D41-924090ED2C27}.Release|Any CPU.Deploy.0 = Release|Any CPU
		{49F3EB0D-A5FB-46DE-9D41-924090ED2C27}.Release|iPhone.ActiveCfg = Release|Any CPU
		{49F3EB0D-A5FB-46DE-9D41-924090ED2C27}.Release|iPhone.Build.0 = Release|Any CPU
		{49F3EB0D-A5FB-46DE-9D41-924090ED2C27}.Release|iPhone.Deploy.0 = Release|Any CPU
		{49F3EB0D-A5FB-46DE-9D41-924090ED2C27}.Release|iPhoneSimulator.ActiveCfg = Release|Any CPU
		{49F3EB0D-A5FB-46DE-9D41-924090ED2C27}.Release|iPhoneSimulator.Build.0 = Release|Any CPU
		{49F3EB0D-A5FB-46DE-9D41-924090ED2C27}.Release|iPhoneSimulator.Deploy.0 = Release|Any CPU
		{1AE2B787-75B9-494C-8BE6-9CA2B106BF0F}.Debug|Any CPU.ActiveCfg = Debug|iPhone
		{1AE2B787-75B9-494C-8BE6-9CA2B106BF0F}.Debug|Any CPU.Build.0 = Debug|iPhone
		{1AE2B787-75B9-494C-8BE6-9CA2B106BF0F}.Debug|Any CPU.Deploy.0 = Debug|iPhone
		{1AE2B787-75B9-494C-8BE6-9CA2B106BF0F}.Debug|iPhone.ActiveCfg = Debug|iPhone
		{1AE2B787-75B9-494C-8BE6-9CA2B106BF0F}.Debug|iPhone.Build.0 = Debug|iPhone
		{1AE2B787-75B9-494C-8BE6-9CA2B106BF0F}.Debug|iPhone.Deploy.0 = Debug|iPhone
		{1AE2B787-75B9-494C-8BE6-9CA2B106BF0F}.Debug|iPhoneSimulator.ActiveCfg = Debug|iPhoneSimulator
		{1AE2B787-75B9-494C-8BE6-9CA2B106BF0F}.Debug|iPhoneSimulator.Build.0 = Debug|iPhoneSimulator
		{1AE2B787-75B9-494C-8BE6-9CA2B106BF0F}.Debug|iPhoneSimulator.Deploy.0 = Debug|iPhoneSimulator
		{1AE2B787-75B9-494C-8BE6-9CA2B106BF0F}.Release|Any CPU.ActiveCfg = Release|iPhoneSimulator
		{1AE2B787-75B9-494C-8BE6-9CA2B106BF0F}.Release|Any CPU.Build.0 = Release|iPhoneSimulator
		{1AE2B787-75B9-494C-8BE6-9CA2B106BF0F}.Release|Any CPU.Deploy.0 = Release|iPhoneSimulator
		{1AE2B787-75B9-494C-8BE6-9CA2B106BF0F}.Release|iPhone.ActiveCfg = Release|iPhone
		{1AE2B787-75B9-494C-8BE6-9CA2B106BF0F}.Release|iPhone.Build.0 = Release|iPhone
		{1AE2B787-75B9-494C-8BE6-9CA2B106BF0F}.Release|iPhone.Deploy.0 = Release|iPhone
		{1AE2B787-75B9-494C-8BE6-9CA2B106BF0F}.Release|iPhoneSimulator.ActiveCfg = Release|iPhoneSimulator
		{1AE2B787-75B9-494C-8BE6-9CA2B106BF0F}.Release|iPhoneSimulator.Build.0 = Release|iPhoneSimulator
		{1AE2B787-75B9-494C-8BE6-9CA2B106BF0F}.Release|iPhoneSimulator.Deploy.0 = Release|iPhoneSimulator
		{2E03C457-6041-40F2-9E03-9C1A08A14041}.Debug|Any CPU.ActiveCfg = Debug|Any CPU
		{2E03C457-6041-40F2-9E03-9C1A08A14041}.Debug|Any CPU.Build.0 = Debug|Any CPU
		{2E03C457-6041-40F2-9E03-9C1A08A14041}.Debug|Any CPU.Deploy.0 = Debug|Any CPU
		{2E03C457-6041-40F2-9E03-9C1A08A14041}.Debug|iPhone.ActiveCfg = Debug|Any CPU
		{2E03C457-6041-40F2-9E03-9C1A08A14041}.Debug|iPhone.Build.0 = Debug|Any CPU
		{2E03C457-6041-40F2-9E03-9C1A08A14041}.Debug|iPhone.Deploy.0 = Debug|Any CPU
		{2E03C457-6041-40F2-9E03-9C1A08A14041}.Debug|iPhoneSimulator.ActiveCfg = Debug|Any CPU
		{2E03C457-6041-40F2-9E03-9C1A08A14041}.Debug|iPhoneSimulator.Build.0 = Debug|Any CPU
		{2E03C457-6041-40F2-9E03-9C1A08A14041}.Debug|iPhoneSimulator.Deploy.0 = Debug|Any CPU
		{2E03C457-6041-40F2-9E03-9C1A08A14041}.Release|Any CPU.ActiveCfg = Release|Any CPU
		{2E03C457-6041-40F2-9E03-9C1A08A14041}.Release|Any CPU.Build.0 = Release|Any CPU
		{2E03C457-6041-40F2-9E03-9C1A08A14041}.Release|Any CPU.Deploy.0 = Release|Any CPU
		{2E03C457-6041-40F2-9E03-9C1A08A14041}.Release|iPhone.ActiveCfg = Release|Any CPU
		{2E03C457-6041-40F2-9E03-9C1A08A14041}.Release|iPhone.Build.0 = Release|Any CPU
		{2E03C457-6041-40F2-9E03-9C1A08A14041}.Release|iPhone.Deploy.0 = Release|Any CPU
		{2E03C457-6041-40F2-9E03-9C1A08A14041}.Release|iPhoneSimulator.ActiveCfg = Release|Any CPU
		{2E03C457-6041-40F2-9E03-9C1A08A14041}.Release|iPhoneSimulator.Build.0 = Release|Any CPU
		{2E03C457-6041-40F2-9E03-9C1A08A14041}.Release|iPhoneSimulator.Deploy.0 = Release|Any CPU
	EndGlobalSection
	GlobalSection(SolutionProperties) = preSolution
		HideSolutionNode = FALSE
	EndGlobalSection
	GlobalSection(ExtensibilityGlobals) = postSolution
		SolutionGuid = {EF09835B-4B90-4E06-AAEA-7EF93EF9B127}
	EndGlobalSection
EndGlobal
